
Microsoft Visual Studio Solution File, Format Version 12.00
# Visual Studio Version 16
VisualStudioVersion = 16.0.31005.135
MinimumVisualStudioVersion = 10.0.40219.1
Project("{FAE04EC0-301F-11D3-BF4B-00C04F79EFBC}") = "ConsumoWCF", "ConsumoWCF\ConsumoWCF.csproj", "{A81E4A91-24B4-440B-87F9-447C8A47511E}"
EndProject
Global
	GlobalSection(SolutionConfigurationPlatforms) = preSolution
		Debug|Any CPU = Debug|Any CPU
		Release|Any CPU = Release|Any CPU
	EndGlobalSection
	GlobalSection(ProjectConfigurationPlatforms) = postSolution
		{A81E4A91-24B4-440B-87F9-447C8A47511E}.Debug|Any CPU.ActiveCfg = Debug|Any CPU
		{A81E4A91-24B4-440B-87F9-447C8A47511E}.Debug|Any CPU.Build.0 = Debug|Any CPU
		{A81E4A91-24B4-440B-87F9-447C8A47511E}.Release|Any CPU.ActiveCfg = Release|Any CPU
		{A81E4A91-24B4-440B-87F9-447C8A47511E}.Release|Any CPU.Build.0 = Release|Any CPU
	EndGlobalSection
	GlobalSection(SolutionProperties) = preSolution
		HideSolutionNode = FALSE
	EndGlobalSection
	GlobalSection(ExtensibilityGlobals) = postSolution
		SolutionGuid = {3A6D932A-E94C-4230-8D70-728FF2716DAC}
	EndGlobalSection
EndGlobal
